{
  "version": 4,
  "terraform_version": "1.14.3",
  "serial": 76,
  "lineage": "e3fe54ab-944e-0a96-3f89-89db3ea073dc",
  "outputs": {},
  "resources": [
    {
      "mode": "managed",
      "type": "aws_ecr_repository",
      "name": "app",
      "provider": "provider[\"registry.terraform.io/hashicorp/aws\"]",
      "instances": [
        {
          "schema_version": 0,
          "attributes": {
            "arn": "arn:aws:ecr:us-west-2:878154666921:repository/cs6650-hw8-app",
            "encryption_configuration": [
              {
                "encryption_type": "AES256",
                "kms_key": ""
              }
            ],
            "force_delete": null,
            "id": "cs6650-hw8-app",
            "image_scanning_configuration": [
              {
                "scan_on_push": false
              }
            ],
            "image_tag_mutability": "MUTABLE",
            "name": "cs6650-hw8-app",
            "registry_id": "878154666921",
            "repository_url": "878154666921.dkr.ecr.us-west-2.amazonaws.com/cs6650-hw8-app",
            "tags": {
              "Project": "cs6650-hw8"
            },
            "tags_all": {
              "Project": "cs6650-hw8"
            },
            "timeouts": null
          },
          "sensitive_attributes": [],
          "identity_schema_version": 0,
          "private": "eyJlMmJmYjczMC1lY2FhLTExZTYtOGY4OC0zNDM2M2JjN2M0YzAiOnsiZGVsZXRlIjoxMjAwMDAwMDAwMDAwfX0="
        }
      ]
    }
  ],
  "check_results": null
}
