{
  "version": 4,
  "terraform_version": "1.14.3",
  "serial": 13,
  "lineage": "bc773b6a-9611-e0c0-e85f-043e1617f757",
  "outputs": {
    "ecs_cluster_name": {
      "value": "CS6650L2-cluster",
      "type": "string"
    },
    "ecs_service_name": {
      "value": "CS6650L2",
      "type": "string"
    }
  },
  "resources": [
    {
      "mode": "data",
      "type": "aws_ecr_authorization_token",
      "name": "registry",
      "provider": "provider[\"registry.terraform.io/hashicorp/aws\"]",
      "instances": [
        {
          "schema_version": 0,
          "attributes": {
            "authorization_token": "QVdTOmV5SndZWGxzYjJGa0lqb2liMHBFUzJSb1FXcFlVUzlOUjBWelJVbG5jVFJIUnpCblMzcG5UR0pSUVdwNVVub3lLMU01WjFkNE9FZDBZMk5pVjFwTFlYZDZUR2s1TVVORFJXbFJUVUpWTlRGTWRsbHNaWEE0Vm5Wb05IbHpSbE0zTjNrdllXdExOVFJaYjBFMVdWSXdSMEpSUlV4QmQwdFJibE51TldZd2FtNW1NWHBNT0dSeVZDOTJMMjR3V2tvMWNtWXdja3gwUmxSeGFFRnBTVlZzWlhOTk9UaHFOa3hXT1hjd1ZGVTJWMkVyWlhwWU9HaGtLMDR3TURsMFZIWkNPVEIxYW5aM1VGSjJOWE5VUVVRNVRXOTRSMUF6S3l0eU4yeHpTelp5UWs1TldqUmxlR1IzTTBwMlptSlFkMjFyUmtsRGRIQndZMGhaWWxnM1dUY3diWHBDU21wa05YRlpObVJ6TTB0VWNURlZiSEZWY0ZGTFZtaEtjSEpyVXpsSk0wSkZUa0U1U1UweFpGSjBNMU5XYzAxMGVFbFVRbTB6Y0c1VmJ5OTBkRzB5U1VFNVpGZHlSbmh5YmpGaWNsRmFNR1JhZVN0aGVqTmFhekJNU0ZaRWVXOU9XakJrTVRkcFpuRjNaMHRzVFZKc1ptaFRTakF6T1ZaTlZGQjNhVVU0V1c5R2F5czVNbkJpVTNGNlpsUkJaMlJqT0ZwUFdrTkhlVlJMWkRsNVMxTlJSazVYUWpocGNuRkZRbXhvV201amJUUnVLMHBUTWpRemVEY3dTMmhVT1ZOMVpXSnVlV2xPTmpobVVXZG9iaTlVVEZsalowSnJRbGx2ZGxsd1lUZDNaM2s1UjBkcE5WSktWekJqUWxBeFFTdFNWbEl6YWxkYVZtaDRNekl6Ym5aNVZ6UkpTVk0zTldkSEsyOVhXa2xXUlVKSFEzZEllRk1yYTJWMUsxQkdkRk5UUVVGNE56WkpVVkpNYzFoalJFazRkbUpsTURsVVJrbFBSbEZUVG1sc1VGSlJPR2N3YWtsVVV6ZFRhRGxuZW5WNVpWTkZTV1ZMT1hwSFJuaFpXR3hDZFZORFJWTkxjRGh5TUU1S0x6UjBVazVLZFZCbU1qWlJNWGw1WkRWS1RUWnBVRGMzZEVwR1dVY3djRVZCUVZKc2QySTBjWEk0V0ZsRVdVOTZNR3RIWTNwSE5UbHhNVUYyVVUxRVZGTllOR1l6YkdGTFRsaHJOME5LVEZvd05VZGhRbTlrVjAweWFWRlJWakI0U0RFME9VdFBWMEp0U3pBNVFYUk9SMFUwYTNsQ2RIY3lVVEo0VTJwbmJqaE5OSGxQTkRWNU9UbHRLekpqY25FMGNUTXJiSGt5YkZoeWFEaHpNamdyYkVaMVJFNXpiVlpRYUVSdGFIWnhUVEZaTjBkNFRHWXlZV2RQTWpRd1pVeEVOMjU1T1ROMVJXbDZNU3RqZDI5QloxZGxhM1ZLU1VoeU5ubzBhbnB4VWxGdGQzQkRiMWRCT0VOV1kyNTFNa1JSYjFKNWRGRXpVV29yV1dWSGJrbGtVR3hOYVRSYWR5OWxOVXgwUzJGdk1rSkpUMGgwYmxWWUsxWmtZekZhYW1wb1FYZzFibTk0YVM5a1EyaDVLMDVJVVRnNVZsTjFjV2RqYWs5SWFFTTRVMDlWYmxKbGJWRjNUVFpOWjJ4NFVrVjBTa1ZzU2tFMWNVbHBhM0pxU1hkeFl6QjNTRFJOTmpkS1YxQXJLMHhNWVcwd1NsUk1WMWd2Wkc1NFUzWmFXWFpNUW5rNWRHZzRlak53TkVkT2VEUm9OVlZ3T0M4MWNERmlOVVpzUW5JNFlrbDJTRVJxV0VWQmExVnNhVGMyYkhCTGR6RlRRV0Z6YmtKV09FOHdRV00zUlN0dk5VbDRjMVJLWWxkV2NrdHdiMVpVSzNsaVRsTkVXbWhCYUVWSGRVTm1TMDlUVXpGS1MyRkpXRWw0UlhKb1dVb3JhVUZGVEhZelMwRlFlRnBKVUhOREt6SjVVR3hGTHpsMFUzUXlRM3BzUm5CdlVsbDVWWGxGWVdReFJXdzRiblJGWjFaWVVrTnNLMjg0ZERaTlpUTlFjVkJaVUVWbGJrMUJVRU5xTUdFck9UVXZSazlrVjI5Wk4xaHNRakl6Wm5Nellua3dSVVFyU1VoVVVUZzVTRzVTWW13NWJFZDJObmR0TVdaR2RrNXFla2RyUVUxd1RWTjBaMVExWW1GWksyNU1NQzlEYXpCblNVNWhjMVZsYkRrNVNIY3lUVTVqZUc1WldtNVZkVlpUYXpSVGQzRXhXamx1YXpoNFNXaEdiMHN4U25WdWRYTldWMDFaSWl3aVpHRjBZV3RsZVNJNklrRlJSVUpCU0dvMmJHTTBXRWxLZHk4M2JHNHdTR013TUVSTlpXczJSMFY0U0VOaVdUUlNTWEJVVFVOSk5UaEpibFYzUVVGQlNEUjNaa0ZaU2t0dldrbG9kbU5PUVZGalIyOUhPSGRpVVVsQ1FVUkNiMEpuYTNGb2EybEhPWGN3UWtKM1JYZElaMWxLV1VsYVNVRlhWVVJDUVVWMVRVSkZSVVJCYjB0dU1XTXdVbHBoSzBsdUwyYzFaMGxDUlVsQk4xSnphRFk1ZHpkSWVHWjVVRGw2UW5GeVFtd3hTMFpCU3pkRmJ6VmlRVTVWWVdSWVEyZGpXbXRsVGxWdlFuWjRObkk0TWtWWUwzaHJZMDVWVVdWbGRXcHpTVE5QYmxadVRuWnBRV2RHWlVrOUlpd2lkbVZ5YzJsdmJpSTZJaklpTENKMGVYQmxJam9pUkVGVVFWOUxSVmtpTENKbGVIQnBjbUYwYVc5dUlqb3hOemN4TWpNek9EVXdmUT09",
            "expires_at": "2026-02-16T09:24:10Z",
            "id": "us-west-2",
            "password": "eyJwYXlsb2FkIjoib0pES2RoQWpYUS9NR0VzRUlncTRHRzBnS3pnTGJRQWp5UnoyK1M5Z1d4OEd0Y2NiV1pLYXd6TGk5MUNDRWlRTUJVNTFMdllsZXA4VnVoNHlzRlM3N3kvYWtLNTRZb0E1WVIwR0JRRUxBd0tRblNuNWYwam5mMXpMOGRyVC92L24wWko1cmYwckx0RlRxaEFpSVVsZXNNOThqNkxWOXcwVFU2V2ErZXpYOGhkK04wMDl0VHZCOTB1anZ3UFJ2NXNUQUQ5TW94R1AzKytyN2xzSzZyQk5NWjRleGR3M0p2ZmJQd21rRklDdHBwY0hZYlg3WTcwbXpCSmpkNXFZNmRzM0tUcTFVbHFVcFFLVmhKcHJrUzlJM0JFTkE5SU0xZFJ0M1NWc010eElUQm0zcG5Vby90dG0ySUE5ZFdyRnhybjFiclFaMGRaeSthejNaazBMSFZEeW9OWjBkMTdpZnF3Z0tsTVJsZmhTSjAzOVZNVFB3aUU4WW9Gays5MnBiU3F6ZlRBZ2RjOFpPWkNHeVRLZDl5S1NRRk5XQjhpcnFFQmxoWm5jbTRuK0pTMjQzeDcwS2hUOVN1ZWJueWlONjhmUWdobi9UTFljZ0JrQllvdllwYTd3Z3k5R0dpNVJKVzBjQlAxQStSVlIzaldaVmh4MzIzbnZ5VzRJSVM3NWdHK29XWklWRUJHQ3dIeFMra2V1K1BGdFNTQUF4NzZJUVJMc1hjREk4dmJlMDlURklPRlFTTmlsUFJROGcwaklUUzdTaDlnenV5ZVNFSWVLOXpHRnhZWGxCdVNDRVNLcDhyME5KLzR0Uk5KdVBmMjZRMXl5ZDVKTTZpUDc3dEpGWUcwcEVBQVJsd2I0cXI4WFlEWU96MGtHY3pHNTlxMUF2UU1EVFNYNGYzbGFLTlhrN0NKTFowNUdhQm9kV00yaVFRVjB4SDE0OUtPV0JtSzA5QXROR0U0a3lCdHcyUTJ4U2pnbjhNNHlPNDV5OTltKzJjcnE0cTMrbHkybFhyaDhzMjgrbEZ1RE5zbVZQaERtaHZxTTFZN0d4TGYyYWdPMjQwZUxEN255OTN1RWl6MStjd29BZ1dla3VKSUhyNno0anpxUlFtd3BDb1dBOENWY251MkRRb1J5dFEzUWorWWVHbklkUGxNaTRady9lNUx0S2FvMkJJT0h0blVYK1ZkYzFaampoQXg1bm94aS9kQ2h5K05IUTg5VlN1cWdjak9IaEM4U09VblJlbVF3TTZNZ2x4UkV0SkVsSkE1cUlpa3JqSXdxYzB3SDRNNjdKV1ArK0xMYW0wSlRMV1gvZG54U3ZaWXZMQnk5dGg4ejNwNEdOeDRoNVVwOC81cDFiNUZsQnI4Ykl2SERqWEVBa1VsaTc2bHBLdzFTQWFzbkJWOE8wQWM3RStvNUl4c1RKYldWcktwb1ZUK3liTlNEWmhBaEVHdUNmS09TUzFKS2FJWEl4RXJoWUoraUFFTHYzS0FQeFpJUHNDKzJ5UGxFLzl0U3QyQ3psRnBvUll5VXlFYWQxRWw4bnRFZ1ZYUkNsK284dDZNZTNQcVBZUEVlbk1BUENqMGErOTUvRk9kV29ZN1hsQjIzZnMzYnkwRUQrSUhUUTg5SG5SYmw5bEd2NndtMWZGdk5qekdrQU1wTVN0Z1Q1YmFZK25MMC9DazBnSU5hc1VlbDk5SHcyTU5jeG5ZWm5VdVZTazRTd3ExWjluazh4SWhGb0sxSnVudXNWV01ZIiwiZGF0YWtleSI6IkFRRUJBSGo2bGM0WElKdy83bG4wSGMwMERNZWs2R0V4SENiWTRSSXBUTUNJNThJblV3QUFBSDR3ZkFZSktvWklodmNOQVFjR29HOHdiUUlCQURCb0Jna3Foa2lHOXcwQkJ3RXdIZ1lKWUlaSUFXVURCQUV1TUJFRURBb0tuMWMwUlphK0luL2c1Z0lCRUlBN1JzaDY5dzdIeGZ5UDl6QnFyQmwxS0ZBSzdFbzViQU5VYWRYQ2djWmtlTlVvQnZ4NnI4MkVYL3hrY05VUWVldWpzSTNPblZuTnZpQWdGZUk9IiwidmVyc2lvbiI6IjIiLCJ0eXBlIjoiREFUQV9LRVkiLCJleHBpcmF0aW9uIjoxNzcxMjMzODUwfQ==",
            "proxy_endpoint": "https://723824801709.dkr.ecr.us-west-2.amazonaws.com",
            "region": "us-west-2",
            "registry_id": null,
            "user_name": "AWS"
          },
          "sensitive_attributes": [
            [
              {
                "type": "get_attr",
                "value": "authorization_token"
              }
            ],
            [
              {
                "type": "get_attr",
                "value": "password"
              }
            ]
          ],
          "identity_schema_version": 0
        }
      ]
    },
    {
      "mode": "data",
      "type": "aws_iam_role",
      "name": "lab_role",
      "provider": "provider[\"registry.terraform.io/hashicorp/aws\"]",
      "instances": [
        {
          "schema_version": 0,
          "attributes": {
            "arn": "arn:aws:iam::723824801709:role/LabRole",
            "assume_role_policy": "{\"Version\":\"2012-10-17\",\"Statement\":[{\"Effect\":\"Allow\",\"Principal\":{\"Service\":[\"events.amazonaws.com\",\"databrew.amazonaws.com\",\"servicecatalog.amazonaws.com\",\"kinesisanalytics.amazonaws.com\",\"rds.amazonaws.com\",\"dynamodb.amazonaws.com\",\"rekognition.amazonaws.com\",\"codecommit.amazonaws.com\",\"lambda.amazonaws.com\",\"forecast.amazonaws.com\",\"iotevents.amazonaws.com\",\"firehose.amazonaws.com\",\"s3.amazonaws.com\",\"cloudtrail.amazonaws.com\",\"sagemaker.amazonaws.com\",\"apigateway.amazonaws.com\",\"elasticmapreduce.amazonaws.com\",\"cognito-idp.amazonaws.com\",\"ec2.application-autoscaling.amazonaws.com\",\"elasticloadbalancing.amazonaws.com\",\"eks-fargate-pods.amazonaws.com\",\"elasticfilesystem.amazonaws.com\",\"deepracer.amazonaws.com\",\"application-autoscaling.amazonaws.com\",\"sns.amazonaws.com\",\"cloudformation.amazonaws.com\",\"ssm.amazonaws.com\",\"kms.amazonaws.com\",\"iotanalytics.amazonaws.com\",\"kinesis.amazonaws.com\",\"secretsmanager.amazonaws.com\",\"redshift.amazonaws.com\",\"sqs.amazonaws.com\",\"ecs.amazonaws.com\",\"codedeploy.amazonaws.com\",\"codewhisperer.amazonaws.com\",\"elasticbeanstalk.amazonaws.com\",\"eks.amazonaws.com\",\"glue.amazonaws.com\",\"athena.amazonaws.com\",\"logs.amazonaws.com\",\"states.amazonaws.com\",\"autoscaling.amazonaws.com\",\"ec2.amazonaws.com\",\"credentials.iot.amazonaws.com\",\"resource-groups.amazonaws.com\",\"iot.amazonaws.com\",\"backup.amazonaws.com\",\"batch.amazonaws.com\",\"pipes.amazonaws.com\",\"scheduler.amazonaws.com\",\"ecs-tasks.amazonaws.com\",\"cloud9.amazonaws.com\"],\"AWS\":\"arn:aws:iam::723824801709:role/LabRole\"},\"Action\":\"sts:AssumeRole\"}]}",
            "create_date": "2026-01-23T03:07:05Z",
            "description": "",
            "id": "LabRole",
            "max_session_duration": 3600,
            "name": "LabRole",
            "path": "/",
            "permissions_boundary": "",
            "role_last_used": [
              {
                "last_used_date": "2026-02-15T21:08:48Z",
                "region": "us-east-1"
              }
            ],
            "tags": {
              "cloudlab": "c195402a5014886l13565790t1w723824801709"
            },
            "unique_id": "AROA2RB2R66WXP57Z6ZVO"
          },
          "sensitive_attributes": [],
          "identity_schema_version": 0
        }
      ]
    },
    {
      "module": "module.ecr",
      "mode": "managed",
      "type": "aws_ecr_repository",
      "name": "this",
      "provider": "provider[\"registry.terraform.io/hashicorp/aws\"]",
      "instances": [
        {
          "schema_version": 0,
          "attributes": {
            "arn": "arn:aws:ecr:us-west-2:723824801709:repository/ecr_service",
            "encryption_configuration": [
              {
                "encryption_type": "AES256",
                "kms_key": ""
              }
            ],
            "force_delete": null,
            "id": "ecr_service",
            "image_scanning_configuration": [
              {
                "scan_on_push": false
              }
            ],
            "image_tag_mutability": "MUTABLE",
            "name": "ecr_service",
            "region": "us-west-2",
            "registry_id": "723824801709",
            "repository_url": "723824801709.dkr.ecr.us-west-2.amazonaws.com/ecr_service",
            "tags": {},
            "tags_all": {},
            "timeouts": null
          },
          "sensitive_attributes": [],
          "identity_schema_version": 0,
          "private": "eyJlMmJmYjczMC1lY2FhLTExZTYtOGY4OC0zNDM2M2JjN2M0YzAiOnsiZGVsZXRlIjoxMjAwMDAwMDAwMDAwfX0="
        }
      ]
    },
    {
      "module": "module.ecs",
      "mode": "managed",
      "type": "aws_ecs_cluster",
      "name": "this",
      "provider": "provider[\"registry.terraform.io/hashicorp/aws\"]",
      "instances": [
        {
          "schema_version": 0,
          "attributes": {
            "arn": "arn:aws:ecs:us-west-2:723824801709:cluster/CS6650L2-cluster",
            "configuration": [],
            "id": "arn:aws:ecs:us-west-2:723824801709:cluster/CS6650L2-cluster",
            "name": "CS6650L2-cluster",
            "region": "us-west-2",
            "service_connect_defaults": [],
            "setting": [
              {
                "name": "containerInsights",
                "value": "disabled"
              }
            ],
            "tags": {},
            "tags_all": {}
          },
          "sensitive_attributes": [],
          "identity_schema_version": 0,
          "private": "bnVsbA=="
        }
      ]
    },
    {
      "module": "module.ecs",
      "mode": "managed",
      "type": "aws_ecs_service",
      "name": "this",
      "provider": "provider[\"registry.terraform.io/hashicorp/aws\"]",
      "instances": [
        {
          "schema_version": 1,
          "attributes": {
            "alarms": [],
            "arn": "arn:aws:ecs:us-west-2:723824801709:service/CS6650L2-cluster/CS6650L2",
            "availability_zone_rebalancing": "DISABLED",
            "capacity_provider_strategy": [],
            "cluster": "arn:aws:ecs:us-west-2:723824801709:cluster/CS6650L2-cluster",
            "deployment_circuit_breaker": [
              {
                "enable": false,
                "rollback": false
              }
            ],
            "deployment_configuration": [],
            "deployment_controller": [
              {
                "type": "ECS"
              }
            ],
            "deployment_maximum_percent": 200,
            "deployment_minimum_healthy_percent": 100,
            "desired_count": 1,
            "enable_ecs_managed_tags": false,
            "enable_execute_command": false,
            "force_delete": null,
            "force_new_deployment": null,
            "health_check_grace_period_seconds": 0,
            "iam_role": "/aws-service-role/ecs.amazonaws.com/AWSServiceRoleForECS",
            "id": "arn:aws:ecs:us-west-2:723824801709:service/CS6650L2-cluster/CS6650L2",
            "launch_type": "FARGATE",
            "load_balancer": [],
            "name": "CS6650L2",
            "network_configuration": [
              {
                "assign_public_ip": true,
                "security_groups": [
                  "sg-0a7208d8b776a1e35"
                ],
                "subnets": [
                  "subnet-0357f22186abee66f",
                  "subnet-057dc3fc2576a12b2",
                  "subnet-0a8774b1fa8bc9c7f",
                  "subnet-0df16d4a85c11c025"
                ]
              }
            ],
            "ordered_placement_strategy": [],
            "placement_constraints": [],
            "platform_version": "LATEST",
            "propagate_tags": "NONE",
            "region": "us-west-2",
            "scheduling_strategy": "REPLICA",
            "service_connect_configuration": [],
            "service_registries": [],
            "tags": {},
            "tags_all": {},
            "task_definition": "arn:aws:ecs:us-west-2:723824801709:task-definition/CS6650L2-task:1",
            "timeouts": null,
            "triggers": {},
            "volume_configuration": [],
            "vpc_lattice_configurations": [],
            "wait_for_steady_state": false
          },
          "sensitive_attributes": [],
          "identity_schema_version": 0,
          "private": "eyJlMmJmYjczMC1lY2FhLTExZTYtOGY4OC0zNDM2M2JjN2M0YzAiOnsiY3JlYXRlIjoxMjAwMDAwMDAwMDAwLCJkZWxldGUiOjEyMDAwMDAwMDAwMDAsInVwZGF0ZSI6MTIwMDAwMDAwMDAwMH0sInNjaGVtYV92ZXJzaW9uIjoiMSJ9",
          "dependencies": [
            "data.aws_iam_role.lab_role",
            "module.ecr.aws_ecr_repository.this",
            "module.ecs.aws_ecs_cluster.this",
            "module.ecs.aws_ecs_task_definition.this",
            "module.logging.aws_cloudwatch_log_group.this",
            "module.network.aws_security_group.this",
            "module.network.data.aws_subnets.default",
            "module.network.data.aws_vpc.default"
          ]
        }
      ]
    },
    {
      "module": "module.ecs",
      "mode": "managed",
      "type": "aws_ecs_task_definition",
      "name": "this",
      "provider": "provider[\"registry.terraform.io/hashicorp/aws\"]",
      "instances": [
        {
          "schema_version": 1,
          "attributes": {
            "arn": "arn:aws:ecs:us-west-2:723824801709:task-definition/CS6650L2-task:1",
            "arn_without_revision": "arn:aws:ecs:us-west-2:723824801709:task-definition/CS6650L2-task",
            "container_definitions": "[{\"environment\":[],\"essential\":true,\"image\":\"723824801709.dkr.ecr.us-west-2.amazonaws.com/ecr_service:latest\",\"logConfiguration\":{\"logDriver\":\"awslogs\",\"options\":{\"awslogs-stream-prefix\":\"ecs\",\"awslogs-group\":\"/ecs/CS6650L2\",\"awslogs-region\":\"us-west-2\"}},\"mountPoints\":[],\"name\":\"CS6650L2-container\",\"portMappings\":[{\"containerPort\":8080,\"hostPort\":8080,\"protocol\":\"tcp\"}],\"systemControls\":[],\"volumesFrom\":[]}]",
            "cpu": "256",
            "enable_fault_injection": false,
            "ephemeral_storage": [],
            "execution_role_arn": "arn:aws:iam::723824801709:role/LabRole",
            "family": "CS6650L2-task",
            "id": "CS6650L2-task",
            "ipc_mode": "",
            "memory": "512",
            "network_mode": "awsvpc",
            "pid_mode": "",
            "placement_constraints": [],
            "proxy_configuration": [],
            "region": "us-west-2",
            "requires_compatibilities": [
              "FARGATE"
            ],
            "revision": 1,
            "runtime_platform": [],
            "skip_destroy": false,
            "tags": {},
            "tags_all": {},
            "task_role_arn": "arn:aws:iam::723824801709:role/LabRole",
            "track_latest": false,
            "volume": []
          },
          "sensitive_attributes": [],
          "identity_schema_version": 0,
          "private": "eyJzY2hlbWFfdmVyc2lvbiI6IjEifQ==",
          "dependencies": [
            "data.aws_iam_role.lab_role",
            "module.ecr.aws_ecr_repository.this",
            "module.logging.aws_cloudwatch_log_group.this"
          ]
        }
      ]
    },
    {
      "module": "module.logging",
      "mode": "managed",
      "type": "aws_cloudwatch_log_group",
      "name": "this",
      "provider": "provider[\"registry.terraform.io/hashicorp/aws\"]",
      "instances": [
        {
          "schema_version": 0,
          "attributes": {
            "arn": "arn:aws:logs:us-west-2:723824801709:log-group:/ecs/CS6650L2",
            "id": "/ecs/CS6650L2",
            "kms_key_id": "",
            "log_group_class": "STANDARD",
            "name": "/ecs/CS6650L2",
            "name_prefix": "",
            "region": "us-west-2",
            "retention_in_days": 7,
            "skip_destroy": false,
            "tags": {},
            "tags_all": {}
          },
          "sensitive_attributes": [],
          "identity_schema_version": 0,
          "private": "bnVsbA=="
        }
      ]
    },
    {
      "module": "module.network",
      "mode": "data",
      "type": "aws_subnets",
      "name": "default",
      "provider": "provider[\"registry.terraform.io/hashicorp/aws\"]",
      "instances": [
        {
          "schema_version": 0,
          "attributes": {
            "filter": [
              {
                "name": "vpc-id",
                "values": [
                  "vpc-0177518942aa22e48"
                ]
              }
            ],
            "id": "us-west-2",
            "ids": [
              "subnet-0df16d4a85c11c025",
              "subnet-0357f22186abee66f",
              "subnet-0a8774b1fa8bc9c7f",
              "subnet-057dc3fc2576a12b2"
            ],
            "region": "us-west-2",
            "tags": null,
            "timeouts": null
          },
          "sensitive_attributes": [],
          "identity_schema_version": 0
        }
      ]
    },
    {
      "module": "module.network",
      "mode": "data",
      "type": "aws_vpc",
      "name": "default",
      "provider": "provider[\"registry.terraform.io/hashicorp/aws\"]",
      "instances": [
        {
          "schema_version": 0,
          "attributes": {
            "arn": "arn:aws:ec2:us-west-2:723824801709:vpc/vpc-0177518942aa22e48",
            "cidr_block": "172.31.0.0/16",
            "cidr_block_associations": [
              {
                "association_id": "vpc-cidr-assoc-0f5b8360fc6e7caef",
                "cidr_block": "172.31.0.0/16",
                "state": "associated"
              }
            ],
            "default": true,
            "dhcp_options_id": "dopt-082d07883ee83da90",
            "enable_dns_hostnames": true,
            "enable_dns_support": true,
            "enable_network_address_usage_metrics": false,
            "filter": null,
            "id": "vpc-0177518942aa22e48",
            "instance_tenancy": "default",
            "ipv6_association_id": "",
            "ipv6_cidr_block": "",
            "main_route_table_id": "rtb-03cf82f6011058c5c",
            "owner_id": "723824801709",
            "region": "us-west-2",
            "state": null,
            "tags": {},
            "timeouts": null
          },
          "sensitive_attributes": [],
          "identity_schema_version": 0
        }
      ]
    },
    {
      "module": "module.network",
      "mode": "managed",
      "type": "aws_security_group",
      "name": "this",
      "provider": "provider[\"registry.terraform.io/hashicorp/aws\"]",
      "instances": [
        {
          "schema_version": 1,
          "attributes": {
            "arn": "arn:aws:ec2:us-west-2:723824801709:security-group/sg-0a7208d8b776a1e35",
            "description": "Allow inbound on 8080",
            "egress": [
              {
                "cidr_blocks": [
                  "0.0.0.0/0"
                ],
                "description": "Allow all outbound",
                "from_port": 0,
                "ipv6_cidr_blocks": [],
                "prefix_list_ids": [],
                "protocol": "-1",
                "security_groups": [],
                "self": false,
                "to_port": 0
              }
            ],
            "id": "sg-0a7208d8b776a1e35",
            "ingress": [
              {
                "cidr_blocks": [
                  "0.0.0.0/0"
                ],
                "description": "Allow HTTP traffic",
                "from_port": 8080,
                "ipv6_cidr_blocks": [],
                "prefix_list_ids": [],
                "protocol": "tcp",
                "security_groups": [],
                "self": false,
                "to_port": 8080
              }
            ],
            "name": "CS6650L2-sg",
            "name_prefix": "",
            "owner_id": "723824801709",
            "region": "us-west-2",
            "revoke_rules_on_delete": false,
            "tags": {},
            "tags_all": {},
            "timeouts": null,
            "vpc_id": "vpc-0177518942aa22e48"
          },
          "sensitive_attributes": [],
          "identity_schema_version": 0,
          "private": "eyJlMmJmYjczMC1lY2FhLTExZTYtOGY4OC0zNDM2M2JjN2M0YzAiOnsiY3JlYXRlIjo2MDAwMDAwMDAwMDAsImRlbGV0ZSI6OTAwMDAwMDAwMDAwfSwic2NoZW1hX3ZlcnNpb24iOiIxIn0=",
          "dependencies": [
            "module.network.data.aws_vpc.default"
          ]
        }
      ]
    }
  ],
  "check_results": null
}
